
Microsoft Visual Studio Solution File, Format Version 12.00
# Visual Studio 16
Project("{FAE04EC0-301F-11D3-BF4B-00C04F79EFBC}") = "Assembly-CSharp", "Assembly-CSharp.csproj", "{3FEBF9E6-3F7B-300A-90CA-8A9458C61FC0}"
EndProject
Project("{FAE04EC0-301F-11D3-BF4B-00C04F79EFBC}") = "Assembly-CSharp-Editor", "Assembly-CSharp-Editor.csproj", "{FE9F919C-963F-1689-B84D-67510E714350}"
EndProject
Global
	GlobalSection(SolutionConfigurationPlatforms) = preSolution
		Debug|Any CPU = Debug|Any CPU
		Release|Any CPU = Release|Any CPU
	EndGlobalSection
	GlobalSection(ProjectConfigurationPlatforms) = postSolution
		{3FEBF9E6-3F7B-300A-90CA-8A9458C61FC0}.Debug|Any CPU.ActiveCfg = Debug|Any CPU
		{3FEBF9E6-3F7B-300A-90CA-8A9458C61FC0}.Debug|Any CPU.Build.0 = Debug|Any CPU
		{3FEBF9E6-3F7B-300A-90CA-8A9458C61FC0}.Release|Any CPU.ActiveCfg = Release|Any CPU
		{3FEBF9E6-3F7B-300A-90CA-8A9458C61FC0}.Release|Any CPU.Build.0 = Release|Any CPU
		{FE9F919C-963F-1689-B84D-67510E714350}.Debug|Any CPU.ActiveCfg = Debug|Any CPU
		{FE9F919C-963F-1689-B84D-67510E714350}.Debug|Any CPU.Build.0 = Debug|Any CPU
		{FE9F919C-963F-1689-B84D-67510E714350}.Release|Any CPU.ActiveCfg = Release|Any CPU
		{FE9F919C-963F-1689-B84D-67510E714350}.Release|Any CPU.Build.0 = Release|Any CPU
	EndGlobalSection
	GlobalSection(SolutionProperties) = preSolution
		HideSolutionNode = FALSE
	EndGlobalSection
EndGlobal
